
Microsoft Visual Studio Solution File, Format Version 12.00
# Visual Studio Version 17
VisualStudioVersion = 17.11.35312.102
MinimumVisualStudioVersion = 10.0.40219.1
Project("{FAE04EC0-301F-11D3-BF4B-00C04F79EFBC}") = "FifteenBoxes", "FifteenBoxes\FifteenBoxes.csproj", "{BBAA65CC-C349-4BCC-AC47-EDB451D2940F}"
EndProject
Project("{FAE04EC0-301F-11D3-BF4B-00C04F79EFBC}") = "Fifteenboxes.Tests", "Fifteenboxes.Tests\Fifteenboxes.Tests.csproj", "{B841E7E0-9D29-40FF-830A-FA2A8A95DBBD}"
EndProject
Global
	GlobalSection(SolutionConfigurationPlatforms) = preSolution
		Debug|Any CPU = Debug|Any CPU
		Release|Any CPU = Release|Any CPU
	EndGlobalSection
	GlobalSection(ProjectConfigurationPlatforms) = postSolution
		{BBAA65CC-C349-4BCC-AC47-EDB451D2940F}.Debug|Any CPU.ActiveCfg = Debug|Any CPU
		{BBAA65CC-C349-4BCC-AC47-EDB451D2940F}.Debug|Any CPU.Build.0 = Debug|Any CPU
		{BBAA65CC-C349-4BCC-AC47-EDB451D2940F}.Release|Any CPU.ActiveCfg = Release|Any CPU
		{BBAA65CC-C349-4BCC-AC47-EDB451D2940F}.Release|Any CPU.Build.0 = Release|Any CPU
		{B841E7E0-9D29-40FF-830A-FA2A8A95DBBD}.Debug|Any CPU.ActiveCfg = Debug|Any CPU
		{B841E7E0-9D29-40FF-830A-FA2A8A95DBBD}.Debug|Any CPU.Build.0 = Debug|Any CPU
		{B841E7E0-9D29-40FF-830A-FA2A8A95DBBD}.Release|Any CPU.ActiveCfg = Release|Any CPU
		{B841E7E0-9D29-40FF-830A-FA2A8A95DBBD}.Release|Any CPU.Build.0 = Release|Any CPU
	EndGlobalSection
	GlobalSection(SolutionProperties) = preSolution
		HideSolutionNode = FALSE
	EndGlobalSection
	GlobalSection(ExtensibilityGlobals) = postSolution
		SolutionGuid = {08F10BDB-EBD7-419E-BC37-6E23C665F716}
	EndGlobalSection
EndGlobal
